// !$*UTF8*$!
{
	archiveVersion = 1;
	classes = {
	};
	objectVersion = 48;
	objects = {

/* Begin PBXBuildFile section */
		603CB0F52027F23E003BE35B /* XLHomePictureModel.swift in Sources */ = {isa = PBXBuildFile; fileRef = 603CB0F42027F23E003BE35B /* XLHomePictureModel.swift */; };
		6042BBCE202402E900A9C87B /* UIImageView+Extension.swift in Sources */ = {isa = PBXBuildFile; fileRef = 6042BBCD202402E900A9C87B /* UIImageView+Extension.swift */; };
		6042BBD1202446E800A9C87B /* XLHomeCellBottomView.swift in Sources */ = {isa = PBXBuildFile; fileRef = 6042BBD0202446E800A9C87B /* XLHomeCellBottomView.swift */; };
		6042BBD42024716600A9C87B /* XLHomeCellPicturesView.swift in Sources */ = {isa = PBXBuildFile; fileRef = 6042BBD32024716600A9C87B /* XLHomeCellPicturesView.swift */; };
		60431C6F20103245001A006C /* CommonTools.swift in Sources */ = {isa = PBXBuildFile; fileRef = 60431C6E20103245001A006C /* CommonTools.swift */; };
		60431C7120104261001A006C /* UIButton+Extension.swift in Sources */ = {isa = PBXBuildFile; fileRef = 60431C7020104261001A006C /* UIButton+Extension.swift */; };
		60431C742010932B001A006C /* XLVisitorView.swift in Sources */ = {isa = PBXBuildFile; fileRef = 60431C732010932B001A006C /* XLVisitorView.swift */; };
		604798172022FBB200CA798A /* XLUserModel.swift in Sources */ = {isa = PBXBuildFile; fileRef = 604798162022FBB200CA798A /* XLUserModel.swift */; };
		604798192023130B00CA798A /* XLHomeViewModel.swift in Sources */ = {isa = PBXBuildFile; fileRef = 604798182023130B00CA798A /* XLHomeViewModel.swift */; };
		6048840B2020246400830623 /* XLNewFeatureView.swift in Sources */ = {isa = PBXBuildFile; fileRef = 6048840A2020246400830623 /* XLNewFeatureView.swift */; };
		6048840D2020246F00830623 /* XLWelcomeView.swift in Sources */ = {isa = PBXBuildFile; fileRef = 6048840C2020246F00830623 /* XLWelcomeView.swift */; };
		604A9DB82011955F007A305D /* mainVisitorData.json in Resources */ = {isa = PBXBuildFile; fileRef = 604A9DB72011955F007A305D /* mainVisitorData.json */; };
		604A9DBC2011CDAB007A305D /* XLNetworkManager.swift in Sources */ = {isa = PBXBuildFile; fileRef = 604A9DBB2011CDAB007A305D /* XLNetworkManager.swift */; };
		604A9DBE2011D828007A305D /* XLNetworkManager+Extension.swift in Sources */ = {isa = PBXBuildFile; fileRef = 604A9DBD2011D828007A305D /* XLNetworkManager+Extension.swift */; };
		604A9DC42011F0E7007A305D /* XLHomeListViewModel.swift in Sources */ = {isa = PBXBuildFile; fileRef = 604A9DC32011F0E7007A305D /* XLHomeListViewModel.swift */; };
		604EBB8F201F0E2100F4D3B8 /* XLHomeViewController.swift in Sources */ = {isa = PBXBuildFile; fileRef = 604EBB8E201F0E2100F4D3B8 /* XLHomeViewController.swift */; };
		604EBB92201F11D200F4D3B8 /* XLHomeNavTitleButton.swift in Sources */ = {isa = PBXBuildFile; fileRef = 604EBB91201F11D200F4D3B8 /* XLHomeNavTitleButton.swift */; };
		604ECF2A2019BC4300FB05A8 /* XLHomeInfoModel.swift in Sources */ = {isa = PBXBuildFile; fileRef = 604ECF292019BC4300FB05A8 /* XLHomeInfoModel.swift */; };
		604ECF2C2019C0E400FB05A8 /* XLUserAccoutModel.swift in Sources */ = {isa = PBXBuildFile; fileRef = 604ECF2B2019C0E400FB05A8 /* XLUserAccoutModel.swift */; };
		604ECF302019E49D00FB05A8 /* String+Extension.swift in Sources */ = {isa = PBXBuildFile; fileRef = 604ECF2F2019E49D00FB05A8 /* String+Extension.swift */; };
		604ECF322019E6A300FB05A8 /* Date+Extension.swift in Sources */ = {isa = PBXBuildFile; fileRef = 604ECF312019E6A300FB05A8 /* Date+Extension.swift */; };
		605B5411201740B100BB0818 /* XLOAuthViewController.swift in Sources */ = {isa = PBXBuildFile; fileRef = 605B5410201740B100BB0818 /* XLOAuthViewController.swift */; };
		6064262B2021AE2000358C61 /* UIImage+Extension.swift in Sources */ = {isa = PBXBuildFile; fileRef = 6064262A2021AE2000358C61 /* UIImage+Extension.swift */; };
		6064262F2021C53E00358C61 /* UIColor+Extension.swift in Sources */ = {isa = PBXBuildFile; fileRef = 6064262E2021C53E00358C61 /* UIColor+Extension.swift */; };
		606426322021C71F00358C61 /* XLHomeListNormalCell.swift in Sources */ = {isa = PBXBuildFile; fileRef = 606426312021C71F00358C61 /* XLHomeListNormalCell.swift */; };
		609C7326200F29AA00C8AED6 /* AppDelegate.swift in Sources */ = {isa = PBXBuildFile; fileRef = 609C7325200F29AA00C8AED6 /* AppDelegate.swift */; };
		609C732E200F29AA00C8AED6 /* XLWeiBo.xcdatamodeld in Sources */ = {isa = PBXBuildFile; fileRef = 609C732C200F29AA00C8AED6 /* XLWeiBo.xcdatamodeld */; };
		609C7330200F29AA00C8AED6 /* Assets.xcassets in Resources */ = {isa = PBXBuildFile; fileRef = 609C732F200F29AA00C8AED6 /* Assets.xcassets */; };
		609C7345200F2CD200C8AED6 /* XLMainTabBarController.swift in Sources */ = {isa = PBXBuildFile; fileRef = 609C7344200F2CD200C8AED6 /* XLMainTabBarController.swift */; };
		609C7347200F2CF600C8AED6 /* XLBaseNavigationController.swift in Sources */ = {isa = PBXBuildFile; fileRef = 609C7346200F2CF600C8AED6 /* XLBaseNavigationController.swift */; };
		609C7349200F2D1000C8AED6 /* XLBaseViewController.swift in Sources */ = {isa = PBXBuildFile; fileRef = 609C7348200F2D1000C8AED6 /* XLBaseViewController.swift */; };
		609C734D200F2D6200C8AED6 /* XLMessageViewController.swift in Sources */ = {isa = PBXBuildFile; fileRef = 609C734C200F2D6200C8AED6 /* XLMessageViewController.swift */; };
		609C734F200F2D6E00C8AED6 /* XLDiscoverViewController.swift in Sources */ = {isa = PBXBuildFile; fileRef = 609C734E200F2D6E00C8AED6 /* XLDiscoverViewController.swift */; };
		609C7351200F2D7900C8AED6 /* XLProfileViewController.swift in Sources */ = {isa = PBXBuildFile; fileRef = 609C7350200F2D7900C8AED6 /* XLProfileViewController.swift */; };
		609C7354200F380C00C8AED6 /* Bundle+Extension.swift in Sources */ = {isa = PBXBuildFile; fileRef = 609C7353200F380C00C8AED6 /* Bundle+Extension.swift */; };
		609C7359200F582000C8AED6 /* UIBarButtonItem+Extension.swift in Sources */ = {isa = PBXBuildFile; fileRef = 609C7358200F582000C8AED6 /* UIBarButtonItem+Extension.swift */; };
		A56202D3147EAA743E66C9C3 /* Pods_XLWeiBo.framework in Frameworks */ = {isa = PBXBuildFile; fileRef = 259F240FFDA52B3B0CDC5682 /* Pods_XLWeiBo.framework */; };
/* End PBXBuildFile section */

/* Begin PBXFileReference section */
		1018A893E3341A200D834E57 /* Pods-XLWeiBo.debug.xcconfig */ = {isa = PBXFileReference; includeInIndex = 1; lastKnownFileType = text.xcconfig; name = "Pods-XLWeiBo.debug.xcconfig"; path = "Pods/Target Support Files/Pods-XLWeiBo/Pods-XLWeiBo.debug.xcconfig"; sourceTree = "<group>"; };
		259F240FFDA52B3B0CDC5682 /* Pods_XLWeiBo.framework */ = {isa = PBXFileReference; explicitFileType = wrapper.framework; includeInIndex = 0; path = Pods_XLWeiBo.framework; sourceTree = BUILT_PRODUCTS_DIR; };
		603CB0F42027F23E003BE35B /* XLHomePictureModel.swift */ = {isa = PBXFileReference; lastKnownFileType = sourcecode.swift; path = XLHomePictureModel.swift; sourceTree = "<group>"; };
		6042BBCD202402E900A9C87B /* UIImageView+Extension.swift */ = {isa = PBXFileReference; lastKnownFileType = sourcecode.swift; path = "UIImageView+Extension.swift"; sourceTree = "<group>"; };
		6042BBD0202446E800A9C87B /* XLHomeCellBottomView.swift */ = {isa = PBXFileReference; lastKnownFileType = sourcecode.swift; path = XLHomeCellBottomView.swift; sourceTree = "<group>"; };
		6042BBD32024716600A9C87B /* XLHomeCellPicturesView.swift */ = {isa = PBXFileReference; lastKnownFileType = sourcecode.swift; path = XLHomeCellPicturesView.swift; sourceTree = "<group>"; };
		60431C6E20103245001A006C /* CommonTools.swift */ = {isa = PBXFileReference; lastKnownFileType = sourcecode.swift; path = CommonTools.swift; sourceTree = "<group>"; };
		60431C7020104261001A006C /* UIButton+Extension.swift */ = {isa = PBXFileReference; lastKnownFileType = sourcecode.swift; path = "UIButton+Extension.swift"; sourceTree = "<group>"; };
		60431C732010932B001A006C /* XLVisitorView.swift */ = {isa = PBXFileReference; lastKnownFileType = sourcecode.swift; path = XLVisitorView.swift; sourceTree = "<group>"; };
		60431C7520109725001A006C /* XLWeiBo-Bridging-Header.h */ = {isa = PBXFileReference; lastKnownFileType = sourcecode.c.h; path = "XLWeiBo-Bridging-Header.h"; sourceTree = "<group>"; };
		604798162022FBB200CA798A /* XLUserModel.swift */ = {isa = PBXFileReference; lastKnownFileType = sourcecode.swift; path = XLUserModel.swift; sourceTree = "<group>"; };
		604798182023130B00CA798A /* XLHomeViewModel.swift */ = {isa = PBXFileReference; lastKnownFileType = sourcecode.swift; path = XLHomeViewModel.swift; sourceTree = "<group>"; };
		6048840A2020246400830623 /* XLNewFeatureView.swift */ = {isa = PBXFileReference; lastKnownFileType = sourcecode.swift; path = XLNewFeatureView.swift; sourceTree = "<group>"; };
		6048840C2020246F00830623 /* XLWelcomeView.swift */ = {isa = PBXFileReference; lastKnownFileType = sourcecode.swift; path = XLWelcomeView.swift; sourceTree = "<group>"; };
		604A9DB72011955F007A305D /* mainVisitorData.json */ = {isa = PBXFileReference; fileEncoding = 4; lastKnownFileType = text.json; path = mainVisitorData.json; sourceTree = "<group>"; };
		604A9DBB2011CDAB007A305D /* XLNetworkManager.swift */ = {isa = PBXFileReference; lastKnownFileType = sourcecode.swift; path = XLNetworkManager.swift; sourceTree = "<group>"; };
		604A9DBD2011D828007A305D /* XLNetworkManager+Extension.swift */ = {isa = PBXFileReference; lastKnownFileType = sourcecode.swift; path = "XLNetworkManager+Extension.swift"; sourceTree = "<group>"; };
		604A9DC32011F0E7007A305D /* XLHomeListViewModel.swift */ = {isa = PBXFileReference; lastKnownFileType = sourcecode.swift; path = XLHomeListViewModel.swift; sourceTree = "<group>"; };
		604EBB8E201F0E2100F4D3B8 /* XLHomeViewController.swift */ = {isa = PBXFileReference; lastKnownFileType = sourcecode.swift; path = XLHomeViewController.swift; sourceTree = "<group>"; };
		604EBB91201F11D200F4D3B8 /* XLHomeNavTitleButton.swift */ = {isa = PBXFileReference; lastKnownFileType = sourcecode.swift; path = XLHomeNavTitleButton.swift; sourceTree = "<group>"; };
		604ECF292019BC4300FB05A8 /* XLHomeInfoModel.swift */ = {isa = PBXFileReference; lastKnownFileType = sourcecode.swift; path = XLHomeInfoModel.swift; sourceTree = "<group>"; };
		604ECF2B2019C0E400FB05A8 /* XLUserAccoutModel.swift */ = {isa = PBXFileReference; lastKnownFileType = sourcecode.swift; path = XLUserAccoutModel.swift; sourceTree = "<group>"; };
		604ECF2F2019E49D00FB05A8 /* String+Extension.swift */ = {isa = PBXFileReference; lastKnownFileType = sourcecode.swift; path = "String+Extension.swift"; sourceTree = "<group>"; };
		604ECF312019E6A300FB05A8 /* Date+Extension.swift */ = {isa = PBXFileReference; lastKnownFileType = sourcecode.swift; path = "Date+Extension.swift"; sourceTree = "<group>"; };
		605B5410201740B100BB0818 /* XLOAuthViewController.swift */ = {isa = PBXFileReference; lastKnownFileType = sourcecode.swift; path = XLOAuthViewController.swift; sourceTree = "<group>"; };
		6064262A2021AE2000358C61 /* UIImage+Extension.swift */ = {isa = PBXFileReference; lastKnownFileType = sourcecode.swift; path = "UIImage+Extension.swift"; sourceTree = "<group>"; };
		6064262E2021C53E00358C61 /* UIColor+Extension.swift */ = {isa = PBXFileReference; lastKnownFileType = sourcecode.swift; path = "UIColor+Extension.swift"; sourceTree = "<group>"; };
		606426312021C71F00358C61 /* XLHomeListNormalCell.swift */ = {isa = PBXFileReference; lastKnownFileType = sourcecode.swift; path = XLHomeListNormalCell.swift; sourceTree = "<group>"; };
		609C7322200F29AA00C8AED6 /* XLWeiBo.app */ = {isa = PBXFileReference; explicitFileType = wrapper.application; includeInIndex = 0; path = XLWeiBo.app; sourceTree = BUILT_PRODUCTS_DIR; };
		609C7325200F29AA00C8AED6 /* AppDelegate.swift */ = {isa = PBXFileReference; lastKnownFileType = sourcecode.swift; path = AppDelegate.swift; sourceTree = "<group>"; };
		609C732D200F29AA00C8AED6 /* XLWeiBo.xcdatamodel */ = {isa = PBXFileReference; lastKnownFileType = wrapper.xcdatamodel; path = XLWeiBo.xcdatamodel; sourceTree = "<group>"; };
		609C732F200F29AA00C8AED6 /* Assets.xcassets */ = {isa = PBXFileReference; lastKnownFileType = folder.assetcatalog; path = Assets.xcassets; sourceTree = "<group>"; };
		609C7334200F29AA00C8AED6 /* Info.plist */ = {isa = PBXFileReference; lastKnownFileType = text.plist.xml; path = Info.plist; sourceTree = "<group>"; };
		609C7344200F2CD200C8AED6 /* XLMainTabBarController.swift */ = {isa = PBXFileReference; lastKnownFileType = sourcecode.swift; path = XLMainTabBarController.swift; sourceTree = "<group>"; };
		609C7346200F2CF600C8AED6 /* XLBaseNavigationController.swift */ = {isa = PBXFileReference; lastKnownFileType = sourcecode.swift; path = XLBaseNavigationController.swift; sourceTree = "<group>"; };
		609C7348200F2D1000C8AED6 /* XLBaseViewController.swift */ = {isa = PBXFileReference; lastKnownFileType = sourcecode.swift; path = XLBaseViewController.swift; sourceTree = "<group>"; };
		609C734C200F2D6200C8AED6 /* XLMessageViewController.swift */ = {isa = PBXFileReference; lastKnownFileType = sourcecode.swift; path = XLMessageViewController.swift; sourceTree = "<group>"; };
		609C734E200F2D6E00C8AED6 /* XLDiscoverViewController.swift */ = {isa = PBXFileReference; lastKnownFileType = sourcecode.swift; path = XLDiscoverViewController.swift; sourceTree = "<group>"; };
		609C7350200F2D7900C8AED6 /* XLProfileViewController.swift */ = {isa = PBXFileReference; lastKnownFileType = sourcecode.swift; path = XLProfileViewController.swift; sourceTree = "<group>"; };
		609C7353200F380C00C8AED6 /* Bundle+Extension.swift */ = {isa = PBXFileReference; lastKnownFileType = sourcecode.swift; path = "Bundle+Extension.swift"; sourceTree = "<group>"; };
		609C7358200F582000C8AED6 /* UIBarButtonItem+Extension.swift */ = {isa = PBXFileReference; lastKnownFileType = sourcecode.swift; path = "UIBarButtonItem+Extension.swift"; sourceTree = "<group>"; };
		9B4E88FF7A95CBABC75A2766 /* Pods-XLWeiBo.release.xcconfig */ = {isa = PBXFileReference; includeInIndex = 1; lastKnownFileType = text.xcconfig; name = "Pods-XLWeiBo.release.xcconfig"; path = "Pods/Target Support Files/Pods-XLWeiBo/Pods-XLWeiBo.release.xcconfig"; sourceTree = "<group>"; };
/* End PBXFileReference section */

/* Begin PBXFrameworksBuildPhase section */
		609C731F200F29AA00C8AED6 /* Frameworks */ = {
			isa = PBXFrameworksBuildPhase;
			buildActionMask = 2147483647;
			files = (
				A56202D3147EAA743E66C9C3 /* Pods_XLWeiBo.framework in Frameworks */,
			);
			runOnlyForDeploymentPostprocessing = 0;
		};
/* End PBXFrameworksBuildPhase section */

/* Begin PBXGroup section */
		1B5E375D792BE54F27CA0477 /* Pods */ = {
			isa = PBXGroup;
			children = (
				1018A893E3341A200D834E57 /* Pods-XLWeiBo.debug.xcconfig */,
				9B4E88FF7A95CBABC75A2766 /* Pods-XLWeiBo.release.xcconfig */,
			);
			name = Pods;
			sourceTree = "<group>";
		};
		6042BBCF202446C800A9C87B /* BottomView */ = {
			isa = PBXGroup;
			children = (
				6042BBD0202446E800A9C87B /* XLHomeCellBottomView.swift */,
			);
			path = BottomView;
			sourceTree = "<group>";
		};
		6042BBD22024715700A9C87B /* PicturesView */ = {
			isa = PBXGroup;
			children = (
				6042BBD32024716600A9C87B /* XLHomeCellPicturesView.swift */,
			);
			path = PicturesView;
			sourceTree = "<group>";
		};
		60431C722010930C001A006C /* VisitorView */ = {
			isa = PBXGroup;
			children = (
				604A9DB72011955F007A305D /* mainVisitorData.json */,
				60431C732010932B001A006C /* XLVisitorView.swift */,
			);
			path = VisitorView;
			sourceTree = "<group>";
		};
		6044D80020197E7400622EA7 /* Home */ = {
			isa = PBXGroup;
			children = (
				604ECF292019BC4300FB05A8 /* XLHomeInfoModel.swift */,
				603CB0F42027F23E003BE35B /* XLHomePictureModel.swift */,
			);
			path = Home;
			sourceTree = "<group>";
		};
		6044D80120197EBF00622EA7 /* OAuth */ = {
			isa = PBXGroup;
			children = (
				604ECF2B2019C0E400FB05A8 /* XLUserAccoutModel.swift */,
			);
			path = OAuth;
			sourceTree = "<group>";
		};
		604798152022FB9500CA798A /* User */ = {
			isa = PBXGroup;
			children = (
				604798162022FBB200CA798A /* XLUserModel.swift */,
			);
			path = User;
			sourceTree = "<group>";
		};
		604884092020244F00830623 /* NewFeature */ = {
			isa = PBXGroup;
			children = (
				6048840A2020246400830623 /* XLNewFeatureView.swift */,
				6048840C2020246F00830623 /* XLWelcomeView.swift */,
			);
			path = NewFeature;
			sourceTree = "<group>";
		};
		604A9DBA2011CA2F007A305D /* NetworkTools */ = {
			isa = PBXGroup;
			children = (
				604A9DBB2011CDAB007A305D /* XLNetworkManager.swift */,
				604A9DBD2011D828007A305D /* XLNetworkManager+Extension.swift */,
			);
			path = NetworkTools;
			sourceTree = "<group>";
		};
		604EBB8D201F0E0500F4D3B8 /* Home */ = {
			isa = PBXGroup;
			children = (
				606426302021C6E000358C61 /* ListCell */,
				604EBB90201F11BB00F4D3B8 /* titleButton */,
				604EBB8E201F0E2100F4D3B8 /* XLHomeViewController.swift */,
			);
			path = Home;
			sourceTree = "<group>";
		};
		604EBB90201F11BB00F4D3B8 /* titleButton */ = {
			isa = PBXGroup;
			children = (
				604EBB91201F11D200F4D3B8 /* XLHomeNavTitleButton.swift */,
			);
			path = titleButton;
			sourceTree = "<group>";
		};
		605B540F2017408000BB0818 /* OAuth */ = {
			isa = PBXGroup;
			children = (
				605B5410201740B100BB0818 /* XLOAuthViewController.swift */,
			);
			path = OAuth;
			sourceTree = "<group>";
		};
		606426302021C6E000358C61 /* ListCell */ = {
			isa = PBXGroup;
			children = (
				6042BBD22024715700A9C87B /* PicturesView */,
				6042BBCF202446C800A9C87B /* BottomView */,
				606426312021C71F00358C61 /* XLHomeListNormalCell.swift */,
			);
			path = ListCell;
			sourceTree = "<group>";
		};
		609C7319200F29AA00C8AED6 = {
			isa = PBXGroup;
			children = (
				609C7324200F29AA00C8AED6 /* XLWeiBo */,
				609C7323200F29AA00C8AED6 /* Products */,
				1B5E375D792BE54F27CA0477 /* Pods */,
				F4A8E5EDE309658285BCB4D9 /* Frameworks */,
			);
			sourceTree = "<group>";
		};
		609C7323200F29AA00C8AED6 /* Products */ = {
			isa = PBXGroup;
			children = (
				609C7322200F29AA00C8AED6 /* XLWeiBo.app */,
			);
			name = Products;
			sourceTree = "<group>";
		};
		609C7324200F29AA00C8AED6 /* XLWeiBo */ = {
			isa = PBXGroup;
			children = (
				609C733A200F2C0800C8AED6 /* Classes */,
				609C7325200F29AA00C8AED6 /* AppDelegate.swift */,
				609C732F200F29AA00C8AED6 /* Assets.xcassets */,
				609C7334200F29AA00C8AED6 /* Info.plist */,
				609C732C200F29AA00C8AED6 /* XLWeiBo.xcdatamodeld */,
				60431C7520109725001A006C /* XLWeiBo-Bridging-Header.h */,
			);
			path = XLWeiBo;
			sourceTree = "<group>";
		};
		609C733A200F2C0800C8AED6 /* Classes */ = {
			isa = PBXGroup;
			children = (
				609C733D200F2C0800C8AED6 /* View */,
				609C7343200F2C0800C8AED6 /* ViewModel */,
				609C733B200F2C0800C8AED6 /* Model */,
				609C733C200F2C0800C8AED6 /* Tools */,
			);
			path = Classes;
			sourceTree = "<group>";
		};
		609C733B200F2C0800C8AED6 /* Model */ = {
			isa = PBXGroup;
			children = (
				604798152022FB9500CA798A /* User */,
				6044D80120197EBF00622EA7 /* OAuth */,
				6044D80020197E7400622EA7 /* Home */,
			);
			path = Model;
			sourceTree = "<group>";
		};
		609C733C200F2C0800C8AED6 /* Tools */ = {
			isa = PBXGroup;
			children = (
				604A9DBA2011CA2F007A305D /* NetworkTools */,
				609C7352200F37E300C8AED6 /* Extension */,
				60431C6E20103245001A006C /* CommonTools.swift */,
			);
			path = Tools;
			sourceTree = "<group>";
		};
		609C733D200F2C0800C8AED6 /* View */ = {
			isa = PBXGroup;
			children = (
				605B540F2017408000BB0818 /* OAuth */,
				604EBB8D201F0E0500F4D3B8 /* Home */,
				609C7340200F2C0800C8AED6 /* Main */,
				609C7341200F2C0800C8AED6 /* Message */,
				609C733E200F2C0800C8AED6 /* Discover */,
				609C7342200F2C0800C8AED6 /* Profile */,
			);
			path = View;
			sourceTree = "<group>";
		};
		609C733E200F2C0800C8AED6 /* Discover */ = {
			isa = PBXGroup;
			children = (
				609C734E200F2D6E00C8AED6 /* XLDiscoverViewController.swift */,
			);
			path = Discover;
			sourceTree = "<group>";
		};
		609C7340200F2C0800C8AED6 /* Main */ = {
			isa = PBXGroup;
			children = (
				604884092020244F00830623 /* NewFeature */,
				60431C722010930C001A006C /* VisitorView */,
				609C7344200F2CD200C8AED6 /* XLMainTabBarController.swift */,
				609C7346200F2CF600C8AED6 /* XLBaseNavigationController.swift */,
				609C7348200F2D1000C8AED6 /* XLBaseViewController.swift */,
			);
			path = Main;
			sourceTree = "<group>";
		};
		609C7341200F2C0800C8AED6 /* Message */ = {
			isa = PBXGroup;
			children = (
				609C734C200F2D6200C8AED6 /* XLMessageViewController.swift */,
			);
			path = Message;
			sourceTree = "<group>";
		};
		609C7342200F2C0800C8AED6 /* Profile */ = {
			isa = PBXGroup;
			children = (
				609C7350200F2D7900C8AED6 /* XLProfileViewController.swift */,
			);
			path = Profile;
			sourceTree = "<group>";
		};
		609C7343200F2C0800C8AED6 /* ViewModel */ = {
			isa = PBXGroup;
			children = (
				604A9DC32011F0E7007A305D /* XLHomeListViewModel.swift */,
				604798182023130B00CA798A /* XLHomeViewModel.swift */,
			);
			path = ViewModel;
			sourceTree = "<group>";
		};
		609C7352200F37E300C8AED6 /* Extension */ = {
			isa = PBXGroup;
			children = (
				609C7353200F380C00C8AED6 /* Bundle+Extension.swift */,
				609C7358200F582000C8AED6 /* UIBarButtonItem+Extension.swift */,
				60431C7020104261001A006C /* UIButton+Extension.swift */,
				604ECF2F2019E49D00FB05A8 /* String+Extension.swift */,
				604ECF312019E6A300FB05A8 /* Date+Extension.swift */,
				6064262A2021AE2000358C61 /* UIImage+Extension.swift */,
				6064262E2021C53E00358C61 /* UIColor+Extension.swift */,
				6042BBCD202402E900A9C87B /* UIImageView+Extension.swift */,
			);
			path = Extension;
			sourceTree = "<group>";
		};
		F4A8E5EDE309658285BCB4D9 /* Frameworks */ = {
			isa = PBXGroup;
			children = (
				259F240FFDA52B3B0CDC5682 /* Pods_XLWeiBo.framework */,
			);
			name = Frameworks;
			sourceTree = "<group>";
		};
/* End PBXGroup section */

/* Begin PBXNativeTarget section */
		609C7321200F29AA00C8AED6 /* XLWeiBo */ = {
			isa = PBXNativeTarget;
			buildConfigurationList = 609C7337200F29AA00C8AED6 /* Build configuration list for PBXNativeTarget "XLWeiBo" */;
			buildPhases = (
				9011B6004C84B2E43FCCC758 /* [CP] Check Pods Manifest.lock */,
				609C731E200F29AA00C8AED6 /* Sources */,
				609C731F200F29AA00C8AED6 /* Frameworks */,
				609C7320200F29AA00C8AED6 /* Resources */,
				B2F96E2BBCEFD90E041FC651 /* [CP] Embed Pods Frameworks */,
				BFEB0FACE7F728AA04DEB71E /* [CP] Copy Pods Resources */,
			);
			buildRules = (
			);
			dependencies = (
			);
			name = XLWeiBo;
			productName = XLWeiBo;
			productReference = 609C7322200F29AA00C8AED6 /* XLWeiBo.app */;
			productType = "com.apple.product-type.application";
		};
/* End PBXNativeTarget section */

/* Begin PBXProject section */
		609C731A200F29AA00C8AED6 /* Project object */ = {
			isa = PBXProject;
			attributes = {
				CLASSPREFIX = XL;
				LastSwiftUpdateCheck = 0920;
				LastUpgradeCheck = 0920;
				ORGANIZATIONNAME = waterfoxjie;
				TargetAttributes = {
					609C7321200F29AA00C8AED6 = {
						CreatedOnToolsVersion = 9.2;
						LastSwiftMigration = 0920;
						ProvisioningStyle = Automatic;
					};
				};
			};
			buildConfigurationList = 609C731D200F29AA00C8AED6 /* Build configuration list for PBXProject "XLWeiBo" */;
			compatibilityVersion = "Xcode 8.0";
			developmentRegion = en;
			hasScannedForEncodings = 0;
			knownRegions = (
				en,
				Base,
			);
			mainGroup = 609C7319200F29AA00C8AED6;
			productRefGroup = 609C7323200F29AA00C8AED6 /* Products */;
			projectDirPath = "";
			projectRoot = "";
			targets = (
				609C7321200F29AA00C8AED6 /* XLWeiBo */,
			);
		};
/* End PBXProject section */

/* Begin PBXResourcesBuildPhase section */
		609C7320200F29AA00C8AED6 /* Resources */ = {
			isa = PBXResourcesBuildPhase;
			buildActionMask = 2147483647;
			files = (
				609C7330200F29AA00C8AED6 /* Assets.xcassets in Resources */,
				604A9DB82011955F007A305D /* mainVisitorData.json in Resources */,
			);
			runOnlyForDeploymentPostprocessing = 0;
		};
/* End PBXResourcesBuildPhase section */

/* Begin PBXShellScriptBuildPhase section */
		9011B6004C84B2E43FCCC758 /* [CP] Check Pods Manifest.lock */ = {
			isa = PBXShellScriptBuildPhase;
			buildActionMask = 2147483647;
			files = (
			);
			inputPaths = (
				"${PODS_PODFILE_DIR_PATH}/Podfile.lock",
				"${PODS_ROOT}/Manifest.lock",
			);
			name = "[CP] Check Pods Manifest.lock";
			outputPaths = (
				"$(DERIVED_FILE_DIR)/Pods-XLWeiBo-checkManifestLockResult.txt",
			);
			runOnlyForDeploymentPostprocessing = 0;
			shellPath = /bin/sh;
			shellScript = "diff \"${PODS_PODFILE_DIR_PATH}/Podfile.lock\" \"${PODS_ROOT}/Manifest.lock\" > /dev/null\nif [ $? != 0 ] ; then\n    # print error to STDERR\n    echo \"error: The sandbox is not in sync with the Podfile.lock. Run 'pod install' or update your CocoaPods installation.\" >&2\n    exit 1\nfi\n# This output is used by Xcode 'outputs' to avoid re-running this script phase.\necho \"SUCCESS\" > \"${SCRIPT_OUTPUT_FILE_0}\"\n";
			showEnvVarsInLog = 0;
		};
		B2F96E2BBCEFD90E041FC651 /* [CP] Embed Pods Frameworks */ = {
			isa = PBXShellScriptBuildPhase;
			buildActionMask = 2147483647;
			files = (
			);
			inputPaths = (
				"${SRCROOT}/Pods/Target Support Files/Pods-XLWeiBo/Pods-XLWeiBo-frameworks.sh",
				"${BUILT_PRODUCTS_DIR}/AFNetworking/AFNetworking.framework",
				"${BUILT_PRODUCTS_DIR}/FMDB/FMDB.framework",
				"${BUILT_PRODUCTS_DIR}/ObjectMapper/ObjectMapper.framework",
				"${BUILT_PRODUCTS_DIR}/SDWebImage/SDWebImage.framework",
				"${BUILT_PRODUCTS_DIR}/SVProgressHUD/SVProgressHUD.framework",
				"${BUILT_PRODUCTS_DIR}/SnapKit/SnapKit.framework",
				"${BUILT_PRODUCTS_DIR}/pop/pop.framework",
			);
			name = "[CP] Embed Pods Frameworks";
			outputPaths = (
				"${TARGET_BUILD_DIR}/${FRAMEWORKS_FOLDER_PATH}/AFNetworking.framework",
				"${TARGET_BUILD_DIR}/${FRAMEWORKS_FOLDER_PATH}/FMDB.framework",
				"${TARGET_BUILD_DIR}/${FRAMEWORKS_FOLDER_PATH}/ObjectMapper.framework",
				"${TARGET_BUILD_DIR}/${FRAMEWORKS_FOLDER_PATH}/SDWebImage.framework",
				"${TARGET_BUILD_DIR}/${FRAMEWORKS_FOLDER_PATH}/SVProgressHUD.framework",
				"${TARGET_BUILD_DIR}/${FRAMEWORKS_FOLDER_PATH}/SnapKit.framework",
				"${TARGET_BUILD_DIR}/${FRAMEWORKS_FOLDER_PATH}/pop.framework",
			);
			runOnlyForDeploymentPostprocessing = 0;
			shellPath = /bin/sh;
			shellScript = "\"${SRCROOT}/Pods/Target Support Files/Pods-XLWeiBo/Pods-XLWeiBo-frameworks.sh\"\n";
			showEnvVarsInLog = 0;
		};
		BFEB0FACE7F728AA04DEB71E /* [CP] Copy Pods Resources */ = {
			isa = PBXShellScriptBuildPhase;
			buildActionMask = 2147483647;
			files = (
			);
			inputPaths = (
			);
			name = "[CP] Copy Pods Resources";
			outputPaths = (
			);
			runOnlyForDeploymentPostprocessing = 0;
			shellPath = /bin/sh;
			shellScript = "\"${SRCROOT}/Pods/Target Support Files/Pods-XLWeiBo/Pods-XLWeiBo-resources.sh\"\n";
			showEnvVarsInLog = 0;
		};
/* End PBXShellScriptBuildPhase section */

/* Begin PBXSourcesBuildPhase section */
		609C731E200F29AA00C8AED6 /* Sources */ = {
			isa = PBXSourcesBuildPhase;
			buildActionMask = 2147483647;
			files = (
				609C7347200F2CF600C8AED6 /* XLBaseNavigationController.swift in Sources */,
				604ECF322019E6A300FB05A8 /* Date+Extension.swift in Sources */,
				604ECF302019E49D00FB05A8 /* String+Extension.swift in Sources */,
				6064262F2021C53E00358C61 /* UIColor+Extension.swift in Sources */,
				604ECF2C2019C0E400FB05A8 /* XLUserAccoutModel.swift in Sources */,
				609C7354200F380C00C8AED6 /* Bundle+Extension.swift in Sources */,
				604A9DC42011F0E7007A305D /* XLHomeListViewModel.swift in Sources */,
				6048840B2020246400830623 /* XLNewFeatureView.swift in Sources */,
				609C734D200F2D6200C8AED6 /* XLMessageViewController.swift in Sources */,
				609C7359200F582000C8AED6 /* UIBarButtonItem+Extension.swift in Sources */,
				60431C742010932B001A006C /* XLVisitorView.swift in Sources */,
				604798192023130B00CA798A /* XLHomeViewModel.swift in Sources */,
				609C734F200F2D6E00C8AED6 /* XLDiscoverViewController.swift in Sources */,
				609C7326200F29AA00C8AED6 /* AppDelegate.swift in Sources */,
				604A9DBE2011D828007A305D /* XLNetworkManager+Extension.swift in Sources */,
				6064262B2021AE2000358C61 /* UIImage+Extension.swift in Sources */,
				604A9DBC2011CDAB007A305D /* XLNetworkManager.swift in Sources */,
				604ECF2A2019BC4300FB05A8 /* XLHomeInfoModel.swift in Sources */,
				6042BBD1202446E800A9C87B /* XLHomeCellBottomView.swift in Sources */,
				604798172022FBB200CA798A /* XLUserModel.swift in Sources */,
				609C732E200F29AA00C8AED6 /* XLWeiBo.xcdatamodeld in Sources */,
				60431C6F20103245001A006C /* CommonTools.swift in Sources */,
				609C7351200F2D7900C8AED6 /* XLProfileViewController.swift in Sources */,
				6042BBD42024716600A9C87B /* XLHomeCellPicturesView.swift in Sources */,
				604EBB8F201F0E2100F4D3B8 /* XLHomeViewController.swift in Sources */,
				6042BBCE202402E900A9C87B /* UIImageView+Extension.swift in Sources */,
				609C7345200F2CD200C8AED6 /* XLMainTabBarController.swift in Sources */,
				605B5411201740B100BB0818 /* XLOAuthViewController.swift in Sources */,
				606426322021C71F00358C61 /* XLHomeListNormalCell.swift in Sources */,
				6048840D2020246F00830623 /* XLWelcomeView.swift in Sources */,
				604EBB92201F11D200F4D3B8 /* XLHomeNavTitleButton.swift in Sources */,
				609C7349200F2D1000C8AED6 /* XLBaseViewController.swift in Sources */,
				60431C7120104261001A006C /* UIButton+Extension.swift in Sources */,
				603CB0F52027F23E003BE35B /* XLHomePictureModel.swift in Sources */,
			);
			runOnlyForDeploymentPostprocessing = 0;
		};
/* End PBXSourcesBuildPhase section */

/* Begin XCBuildConfiguration section */
		609C7335200F29AA00C8AED6 /* Debug */ = {
			isa = XCBuildConfiguration;
			buildSettings = {
				ALWAYS_SEARCH_USER_PATHS = NO;
				CLANG_ANALYZER_NONNULL = YES;
				CLANG_ANALYZER_NUMBER_OBJECT_CONVERSION = YES_AGGRESSIVE;
				CLANG_CXX_LANGUAGE_STANDARD = "gnu++14";
				CLANG_CXX_LIBRARY = "libc++";
				CLANG_ENABLE_MODULES = YES;
				CLANG_ENABLE_OBJC_ARC = YES;
				CLANG_WARN_BLOCK_CAPTURE_AUTORELEASING = YES;
				CLANG_WARN_BOOL_CONVERSION = YES;
				CLANG_WARN_COMMA = YES;
				CLANG_WARN_CONSTANT_CONVERSION = YES;
				CLANG_WARN_DIRECT_OBJC_ISA_USAGE = YES_ERROR;
				CLANG_WARN_DOCUMENTATION_COMMENTS = YES;
				CLANG_WARN_EMPTY_BODY = YES;
				CLANG_WARN_ENUM_CONVERSION = YES;
				CLANG_WARN_INFINITE_RECURSION = YES;
				CLANG_WARN_INT_CONVERSION = YES;
				CLANG_WARN_NON_LITERAL_NULL_CONVERSION = YES;
				CLANG_WARN_OBJC_LITERAL_CONVERSION = YES;
				CLANG_WARN_OBJC_ROOT_CLASS = YES_ERROR;
				CLANG_WARN_RANGE_LOOP_ANALYSIS = YES;
				CLANG_WARN_STRICT_PROTOTYPES = YES;
				CLANG_WARN_SUSPICIOUS_MOVE = YES;
				CLANG_WARN_UNGUARDED_AVAILABILITY = YES_AGGRESSIVE;
				CLANG_WARN_UNREACHABLE_CODE = YES;
				CLANG_WARN__DUPLICATE_METHOD_MATCH = YES;
				CODE_SIGN_IDENTITY = "iPhone Developer";
				COPY_PHASE_STRIP = NO;
				DEBUG_INFORMATION_FORMAT = dwarf;
				ENABLE_STRICT_OBJC_MSGSEND = YES;
				ENABLE_TESTABILITY = YES;
				GCC_C_LANGUAGE_STANDARD = gnu11;
				GCC_DYNAMIC_NO_PIC = NO;
				GCC_NO_COMMON_BLOCKS = YES;
				GCC_OPTIMIZATION_LEVEL = 0;
				GCC_PREPROCESSOR_DEFINITIONS = (
					"DEBUG=1",
					"$(inherited)",
				);
				GCC_WARN_64_TO_32_BIT_CONVERSION = YES;
				GCC_WARN_ABOUT_RETURN_TYPE = YES_ERROR;
				GCC_WARN_UNDECLARED_SELECTOR = YES;
				GCC_WARN_UNINITIALIZED_AUTOS = YES_AGGRESSIVE;
				GCC_WARN_UNUSED_FUNCTION = YES;
				GCC_WARN_UNUSED_VARIABLE = YES;
				IPHONEOS_DEPLOYMENT_TARGET = 11.2;
				MTL_ENABLE_DEBUG_INFO = YES;
				ONLY_ACTIVE_ARCH = YES;
				SDKROOT = iphoneos;
				SWIFT_ACTIVE_COMPILATION_CONDITIONS = DEBUG;
				SWIFT_OPTIMIZATION_LEVEL = "-Onone";
			};
			name = Debug;
		};
		609C7336200F29AA00C8AED6 /* Release */ = {
			isa = XCBuildConfiguration;
			buildSettings = {
				ALWAYS_SEARCH_USER_PATHS = NO;
				CLANG_ANALYZER_NONNULL = YES;
				CLANG_ANALYZER_NUMBER_OBJECT_CONVERSION = YES_AGGRESSIVE;
				CLANG_CXX_LANGUAGE_STANDARD = "gnu++14";
				CLANG_CXX_LIBRARY = "libc++";
				CLANG_ENABLE_MODULES = YES;
				CLANG_ENABLE_OBJC_ARC = YES;
				CLANG_WARN_BLOCK_CAPTURE_AUTORELEASING = YES;
				CLANG_WARN_BOOL_CONVERSION = YES;
				CLANG_WARN_COMMA = YES;
				CLANG_WARN_CONSTANT_CONVERSION = YES;
				CLANG_WARN_DIRECT_OBJC_ISA_USAGE = YES_ERROR;
				CLANG_WARN_DOCUMENTATION_COMMENTS = YES;
				CLANG_WARN_EMPTY_BODY = YES;
				CLANG_WARN_ENUM_CONVERSION = YES;
				CLANG_WARN_INFINITE_RECURSION = YES;
				CLANG_WARN_INT_CONVERSION = YES;
				CLANG_WARN_NON_LITERAL_NULL_CONVERSION = YES;
				CLANG_WARN_OBJC_LITERAL_CONVERSION = YES;
				CLANG_WARN_OBJC_ROOT_CLASS = YES_ERROR;
				CLANG_WARN_RANGE_LOOP_ANALYSIS = YES;
				CLANG_WARN_STRICT_PROTOTYPES = YES;
				CLANG_WARN_SUSPICIOUS_MOVE = YES;
				CLANG_WARN_UNGUARDED_AVAILABILITY = YES_AGGRESSIVE;
				CLANG_WARN_UNREACHABLE_CODE = YES;
				CLANG_WARN__DUPLICATE_METHOD_MATCH = YES;
				CODE_SIGN_IDENTITY = "iPhone Developer";
				COPY_PHASE_STRIP = NO;
				DEBUG_INFORMATION_FORMAT = "dwarf-with-dsym";
				ENABLE_NS_ASSERTIONS = NO;
				ENABLE_STRICT_OBJC_MSGSEND = YES;
				GCC_C_LANGUAGE_STANDARD = gnu11;
				GCC_NO_COMMON_BLOCKS = YES;
				GCC_WARN_64_TO_32_BIT_CONVERSION = YES;
				GCC_WARN_ABOUT_RETURN_TYPE = YES_ERROR;
				GCC_WARN_UNDECLARED_SELECTOR = YES;
				GCC_WARN_UNINITIALIZED_AUTOS = YES_AGGRESSIVE;
				GCC_WARN_UNUSED_FUNCTION = YES;
				GCC_WARN_UNUSED_VARIABLE = YES;
				IPHONEOS_DEPLOYMENT_TARGET = 11.2;
				MTL_ENABLE_DEBUG_INFO = NO;
				SDKROOT = iphoneos;
				SWIFT_OPTIMIZATION_LEVEL = "-Owholemodule";
				VALIDATE_PRODUCT = YES;
			};
			name = Release;
		};
		609C7338200F29AA00C8AED6 /* Debug */ = {
			isa = XCBuildConfiguration;
			baseConfigurationReference = 1018A893E3341A200D834E57 /* Pods-XLWeiBo.debug.xcconfig */;
			buildSettings = {
				ASSETCATALOG_COMPILER_APPICON_NAME = AppIcon;
				ASSETCATALOG_COMPILER_LAUNCHIMAGE_NAME = LaunchImage;
				CLANG_ENABLE_MODULES = YES;
				CODE_SIGN_STYLE = Automatic;
				DEVELOPMENT_TEAM = ZT5YNBLEP5;
				INFOPLIST_FILE = XLWeiBo/Info.plist;
				IPHONEOS_DEPLOYMENT_TARGET = 8.0;
				LD_RUNPATH_SEARCH_PATHS = "$(inherited) @executable_path/Frameworks";
				PRODUCT_BUNDLE_IDENTIFIER = cn.waterfoxjie.XLWeiBo;
				PRODUCT_NAME = "$(TARGET_NAME)";
				SWIFT_OBJC_BRIDGING_HEADER = "XLWeiBo/XLWeiBo-Bridging-Header.h";
				SWIFT_OPTIMIZATION_LEVEL = "-Onone";
				SWIFT_VERSION = 4.0;
				TARGETED_DEVICE_FAMILY = "1,2";
			};
			name = Debug;
		};
		609C7339200F29AA00C8AED6 /* Release */ = {
			isa = XCBuildConfiguration;
			baseConfigurationReference = 9B4E88FF7A95CBABC75A2766 /* Pods-XLWeiBo.release.xcconfig */;
			buildSettings = {
				ASSETCATALOG_COMPILER_APPICON_NAME = AppIcon;
				ASSETCATALOG_COMPILER_LAUNCHIMAGE_NAME = LaunchImage;
				CLANG_ENABLE_MODULES = YES;
				CODE_SIGN_STYLE = Automatic;
				DEVELOPMENT_TEAM = ZT5YNBLEP5;
				INFOPLIST_FILE = XLWeiBo/Info.plist;
				IPHONEOS_DEPLOYMENT_TARGET = 8.0;
				LD_RUNPATH_SEARCH_PATHS = "$(inherited) @executable_path/Frameworks";
				PRODUCT_BUNDLE_IDENTIFIER = cn.waterfoxjie.XLWeiBo;
				PRODUCT_NAME = "$(TARGET_NAME)";
				SWIFT_OBJC_BRIDGING_HEADER = "XLWeiBo/XLWeiBo-Bridging-Header.h";
				SWIFT_VERSION = 4.0;
				TARGETED_DEVICE_FAMILY = "1,2";
			};
			name = Release;
		};
/* End XCBuildConfiguration section */

/* Begin XCConfigurationList section */
		609C731D200F29AA00C8AED6 /* Build configuration list for PBXProject "XLWeiBo" */ = {
			isa = XCConfigurationList;
			buildConfigurations = (
				609C7335200F29AA00C8AED6 /* Debug */,
				609C7336200F29AA00C8AED6 /* Release */,
			);
			defaultConfigurationIsVisible = 0;
			defaultConfigurationName = Release;
		};
		609C7337200F29AA00C8AED6 /* Build configuration list for PBXNativeTarget "XLWeiBo" */ = {
			isa = XCConfigurationList;
			buildConfigurations = (
				609C7338200F29AA00C8AED6 /* Debug */,
				609C7339200F29AA00C8AED6 /* Release */,
			);
			defaultConfigurationIsVisible = 0;
			defaultConfigurationName = Release;
		};
/* End XCConfigurationList section */

/* Begin XCVersionGroup section */
		609C732C200F29AA00C8AED6 /* XLWeiBo.xcdatamodeld */ = {
			isa = XCVersionGroup;
			children = (
				609C732D200F29AA00C8AED6 /* XLWeiBo.xcdatamodel */,
			);
			currentVersion = 609C732D200F29AA00C8AED6 /* XLWeiBo.xcdatamodel */;
			path = XLWeiBo.xcdatamodeld;
			sourceTree = "<group>";
			versionGroupType = wrapper.xcdatamodel;
		};
/* End XCVersionGroup section */
	};
	rootObject = 609C731A200F29AA00C8AED6 /* Project object */;
}
